// !$*UTF8*$!
{
	archiveVersion = 1;
	classes = {
	};
	objectVersion = 46;
	objects = {

/* Begin PBXBuildFile section */
		D8CC48451D5B0A5A0032A8C4 /* main.m in Sources */ = {isa = PBXBuildFile; fileRef = D8CC48441D5B0A5A0032A8C4 /* main.m */; };
		D8CC48481D5B0A5A0032A8C4 /* MZAppDelegate.m in Sources */ = {isa = PBXBuildFile; fileRef = D8CC48471D5B0A5A0032A8C4 /* MZAppDelegate.m */; };
		D8CC484B1D5B0A5A0032A8C4 /* DemoViewController.m in Sources */ = {isa = PBXBuildFile; fileRef = D8CC484A1D5B0A5A0032A8C4 /* DemoViewController.m */; };
		D8CC484E1D5B0A5A0032A8C4 /* Main.storyboard in Resources */ = {isa = PBXBuildFile; fileRef = D8CC484C1D5B0A5A0032A8C4 /* Main.storyboard */; };
		D8CC48501D5B0A5A0032A8C4 /* Assets.xcassets in Resources */ = {isa = PBXBuildFile; fileRef = D8CC484F1D5B0A5A0032A8C4 /* Assets.xcassets */; };
		D8CC48531D5B0A5A0032A8C4 /* LaunchScreen.storyboard in Resources */ = {isa = PBXBuildFile; fileRef = D8CC48511D5B0A5A0032A8C4 /* LaunchScreen.storyboard */; };
		D8CC485E1D5B0A5A0032A8C4 /* MZAlertViewDemoTests.m in Sources */ = {isa = PBXBuildFile; fileRef = D8CC485D1D5B0A5A0032A8C4 /* MZAlertViewDemoTests.m */; };
		D8CC48691D5B0A5A0032A8C4 /* MZAlertViewDemoUITests.m in Sources */ = {isa = PBXBuildFile; fileRef = D8CC48681D5B0A5A0032A8C4 /* MZAlertViewDemoUITests.m */; };
		D8CC48821D5B0D690032A8C4 /* MZAlertView.m in Sources */ = {isa = PBXBuildFile; fileRef = D8CC48811D5B0D690032A8C4 /* MZAlertView.m */; };
/* End PBXBuildFile section */

/* Begin PBXContainerItemProxy section */
		D8CC485A1D5B0A5A0032A8C4 /* PBXContainerItemProxy */ = {
			isa = PBXContainerItemProxy;
			containerPortal = D8CC48381D5B0A5A0032A8C4 /* Project object */;
			proxyType = 1;
			remoteGlobalIDString = D8CC483F1D5B0A5A0032A8C4;
			remoteInfo = MZAlertViewDemo;
		};
		D8CC48651D5B0A5A0032A8C4 /* PBXContainerItemProxy */ = {
			isa = PBXContainerItemProxy;
			containerPortal = D8CC48381D5B0A5A0032A8C4 /* Project object */;
			proxyType = 1;
			remoteGlobalIDString = D8CC483F1D5B0A5A0032A8C4;
			remoteInfo = MZAlertViewDemo;
		};
/* End PBXContainerItemProxy section */

/* Begin PBXFileReference section */
		D8CC48401D5B0A5A0032A8C4 /* MZAlertViewDemo.app */ = {isa = PBXFileReference; explicitFileType = wrapper.application; includeInIndex = 0; path = MZAlertViewDemo.app; sourceTree = BUILT_PRODUCTS_DIR; };
		D8CC48441D5B0A5A0032A8C4 /* main.m */ = {isa = PBXFileReference; lastKnownFileType = sourcecode.c.objc; path = main.m; sourceTree = "<group>"; };
		D8CC48461D5B0A5A0032A8C4 /* MZAppDelegate.h */ = {isa = PBXFileReference; lastKnownFileType = sourcecode.c.h; path = MZAppDelegate.h; sourceTree = "<group>"; };
		D8CC48471D5B0A5A0032A8C4 /* MZAppDelegate.m */ = {isa = PBXFileReference; lastKnownFileType = sourcecode.c.objc; path = MZAppDelegate.m; sourceTree = "<group>"; };
		D8CC48491D5B0A5A0032A8C4 /* DemoViewController.h */ = {isa = PBXFileReference; lastKnownFileType = sourcecode.c.h; path = DemoViewController.h; sourceTree = "<group>"; };
		D8CC484A1D5B0A5A0032A8C4 /* DemoViewController.m */ = {isa = PBXFileReference; lastKnownFileType = sourcecode.c.objc; path = DemoViewController.m; sourceTree = "<group>"; };
		D8CC484D1D5B0A5A0032A8C4 /* Base */ = {isa = PBXFileReference; lastKnownFileType = file.storyboard; name = Base; path = Base.lproj/Main.storyboard; sourceTree = "<group>"; };
		D8CC484F1D5B0A5A0032A8C4 /* Assets.xcassets */ = {isa = PBXFileReference; lastKnownFileType = folder.assetcatalog; path = Assets.xcassets; sourceTree = "<group>"; };
		D8CC48521D5B0A5A0032A8C4 /* Base */ = {isa = PBXFileReference; lastKnownFileType = file.storyboard; name = Base; path = Base.lproj/LaunchScreen.storyboard; sourceTree = "<group>"; };
		D8CC48541D5B0A5A0032A8C4 /* Info.plist */ = {isa = PBXFileReference; lastKnownFileType = text.plist.xml; path = Info.plist; sourceTree = "<group>"; };
		D8CC48591D5B0A5A0032A8C4 /* MZAlertViewDemoTests.xctest */ = {isa = PBXFileReference; explicitFileType = wrapper.cfbundle; includeInIndex = 0; path = MZAlertViewDemoTests.xctest; sourceTree = BUILT_PRODUCTS_DIR; };
		D8CC485D1D5B0A5A0032A8C4 /* MZAlertViewDemoTests.m */ = {isa = PBXFileReference; lastKnownFileType = sourcecode.c.objc; path = MZAlertViewDemoTests.m; sourceTree = "<group>"; };
		D8CC485F1D5B0A5A0032A8C4 /* Info.plist */ = {isa = PBXFileReference; lastKnownFileType = text.plist.xml; path = Info.plist; sourceTree = "<group>"; };
		D8CC48641D5B0A5A0032A8C4 /* MZAlertViewDemoUITests.xctest */ = {isa = PBXFileReference; explicitFileType = wrapper.cfbundle; includeInIndex = 0; path = MZAlertViewDemoUITests.xctest; sourceTree = BUILT_PRODUCTS_DIR; };
		D8CC48681D5B0A5A0032A8C4 /* MZAlertViewDemoUITests.m */ = {isa = PBXFileReference; lastKnownFileType = sourcecode.c.objc; path = MZAlertViewDemoUITests.m; sourceTree = "<group>"; };
		D8CC486A1D5B0A5A0032A8C4 /* Info.plist */ = {isa = PBXFileReference; lastKnownFileType = text.plist.xml; path = Info.plist; sourceTree = "<group>"; };
		D8CC48801D5B0D690032A8C4 /* MZAlertView.h */ = {isa = PBXFileReference; fileEncoding = 4; lastKnownFileType = sourcecode.c.h; path = MZAlertView.h; sourceTree = "<group>"; };
		D8CC48811D5B0D690032A8C4 /* MZAlertView.m */ = {isa = PBXFileReference; fileEncoding = 4; lastKnownFileType = sourcecode.c.objc; path = MZAlertView.m; sourceTree = "<group>"; };
/* End PBXFileReference section */

/* Begin PBXFrameworksBuildPhase section */
		D8CC483D1D5B0A5A0032A8C4 /* Frameworks */ = {
			isa = PBXFrameworksBuildPhase;
			buildActionMask = 2147483647;
			files = (
			);
			runOnlyForDeploymentPostprocessing = 0;
		};
		D8CC48561D5B0A5A0032A8C4 /* Frameworks */ = {
			isa = PBXFrameworksBuildPhase;
			buildActionMask = 2147483647;
			files = (
			);
			runOnlyForDeploymentPostprocessing = 0;
		};
		D8CC48611D5B0A5A0032A8C4 /* Frameworks */ = {
			isa = PBXFrameworksBuildPhase;
			buildActionMask = 2147483647;
			files = (
			);
			runOnlyForDeploymentPostprocessing = 0;
		};
/* End PBXFrameworksBuildPhase section */

/* Begin PBXGroup section */
		D8CC48371D5B0A5A0032A8C4 = {
			isa = PBXGroup;
			children = (
				D8CC48761D5B0A6F0032A8C4 /* MZAlertView */,
				D8CC48421D5B0A5A0032A8C4 /* MZAlertViewDemo */,
				D8CC485C1D5B0A5A0032A8C4 /* MZAlertViewDemoTests */,
				D8CC48671D5B0A5A0032A8C4 /* MZAlertViewDemoUITests */,
				D8CC48411D5B0A5A0032A8C4 /* Products */,
			);
			sourceTree = "<group>";
		};
		D8CC48411D5B0A5A0032A8C4 /* Products */ = {
			isa = PBXGroup;
			children = (
				D8CC48401D5B0A5A0032A8C4 /* MZAlertViewDemo.app */,
				D8CC48591D5B0A5A0032A8C4 /* MZAlertViewDemoTests.xctest */,
				D8CC48641D5B0A5A0032A8C4 /* MZAlertViewDemoUITests.xctest */,
			);
			name = Products;
			sourceTree = "<group>";
		};
		D8CC48421D5B0A5A0032A8C4 /* MZAlertViewDemo */ = {
			isa = PBXGroup;
			children = (
				D8CC48461D5B0A5A0032A8C4 /* MZAppDelegate.h */,
				D8CC48471D5B0A5A0032A8C4 /* MZAppDelegate.m */,
				D8CC48491D5B0A5A0032A8C4 /* DemoViewController.h */,
				D8CC484A1D5B0A5A0032A8C4 /* DemoViewController.m */,
				D8CC484C1D5B0A5A0032A8C4 /* Main.storyboard */,
				D8CC484F1D5B0A5A0032A8C4 /* Assets.xcassets */,
				D8CC48511D5B0A5A0032A8C4 /* LaunchScreen.storyboard */,
				D8CC48541D5B0A5A0032A8C4 /* Info.plist */,
				D8CC48431D5B0A5A0032A8C4 /* Supporting Files */,
			);
			path = MZAlertViewDemo;
			sourceTree = "<group>";
		};
		D8CC48431D5B0A5A0032A8C4 /* Supporting Files */ = {
			isa = PBXGroup;
			children = (
				D8CC48441D5B0A5A0032A8C4 /* main.m */,
			);
			name = "Supporting Files";
			sourceTree = "<group>";
		};
		D8CC485C1D5B0A5A0032A8C4 /* MZAlertViewDemoTests */ = {
			isa = PBXGroup;
			children = (
				D8CC485D1D5B0A5A0032A8C4 /* MZAlertViewDemoTests.m */,
				D8CC485F1D5B0A5A0032A8C4 /* Info.plist */,
			);
			path = MZAlertViewDemoTests;
			sourceTree = "<group>";
		};
		D8CC48671D5B0A5A0032A8C4 /* MZAlertViewDemoUITests */ = {
			isa = PBXGroup;
			children = (
				D8CC48681D5B0A5A0032A8C4 /* MZAlertViewDemoUITests.m */,
				D8CC486A1D5B0A5A0032A8C4 /* Info.plist */,
			);
			path = MZAlertViewDemoUITests;
			sourceTree = "<group>";
		};
		D8CC48761D5B0A6F0032A8C4 /* MZAlertView */ = {
			isa = PBXGroup;
			children = (
				D8CC48801D5B0D690032A8C4 /* MZAlertView.h */,
				D8CC48811D5B0D690032A8C4 /* MZAlertView.m */,
			);
			path = MZAlertView;
			sourceTree = "<group>";
		};
/* End PBXGroup section */

/* Begin PBXNativeTarget section */
		D8CC483F1D5B0A5A0032A8C4 /* MZAlertViewDemo */ = {
			isa = PBXNativeTarget;
			buildConfigurationList = D8CC486D1D5B0A5A0032A8C4 /* Build configuration list for PBXNativeTarget "MZAlertViewDemo" */;
			buildPhases = (
				D8CC483C1D5B0A5A0032A8C4 /* Sources */,
				D8CC483D1D5B0A5A0032A8C4 /* Frameworks */,
				D8CC483E1D5B0A5A0032A8C4 /* Resources */,
			);
			buildRules = (
			);
			dependencies = (
			);
			name = MZAlertViewDemo;
			productName = MZAlertViewDemo;
			productReference = D8CC48401D5B0A5A0032A8C4 /* MZAlertViewDemo.app */;
			productType = "com.apple.product-type.application";
		};
		D8CC48581D5B0A5A0032A8C4 /* MZAlertViewDemoTests */ = {
			isa = PBXNativeTarget;
			buildConfigurationList = D8CC48701D5B0A5A0032A8C4 /* Build configuration list for PBXNativeTarget "MZAlertViewDemoTests" */;
			buildPhases = (
				D8CC48551D5B0A5A0032A8C4 /* Sources */,
				D8CC48561D5B0A5A0032A8C4 /* Frameworks */,
				D8CC48571D5B0A5A0032A8C4 /* Resources */,
			);
			buildRules = (
			);
			dependencies = (
				D8CC485B1D5B0A5A0032A8C4 /* PBXTargetDependency */,
			);
			name = MZAlertViewDemoTests;
			productName = MZAlertViewDemoTests;
			productReference = D8CC48591D5B0A5A0032A8C4 /* MZAlertViewDemoTests.xctest */;
			productType = "com.apple.product-type.bundle.unit-test";
		};
		D8CC48631D5B0A5A0032A8C4 /* MZAlertViewDemoUITests */ = {
			isa = PBXNativeTarget;
			buildConfigurationList = D8CC48731D5B0A5A0032A8C4 /* Build configuration list for PBXNativeTarget "MZAlertViewDemoUITests" */;
			buildPhases = (
				D8CC48601D5B0A5A0032A8C4 /* Sources */,
				D8CC48611D5B0A5A0032A8C4 /* Frameworks */,
				D8CC48621D5B0A5A0032A8C4 /* Resources */,
			);
			buildRules = (
			);
			dependencies = (
				D8CC48661D5B0A5A0032A8C4 /* PBXTargetDependency */,
			);
			name = MZAlertViewDemoUITests;
			productName = MZAlertViewDemoUITests;
			productReference = D8CC48641D5B0A5A0032A8C4 /* MZAlertViewDemoUITests.xctest */;
			productType = "com.apple.product-type.bundle.ui-testing";
		};
/* End PBXNativeTarget section */

/* Begin PBXProject section */
		D8CC48381D5B0A5A0032A8C4 /* Project object */ = {
			isa = PBXProject;
			attributes = {
				LastUpgradeCheck = 0730;
				ORGANIZATIONNAME = "麦子";
				TargetAttributes = {
					D8CC483F1D5B0A5A0032A8C4 = {
						CreatedOnToolsVersion = 7.3.1;
					};
					D8CC48581D5B0A5A0032A8C4 = {
						CreatedOnToolsVersion = 7.3.1;
						TestTargetID = D8CC483F1D5B0A5A0032A8C4;
					};
					D8CC48631D5B0A5A0032A8C4 = {
						CreatedOnToolsVersion = 7.3.1;
						TestTargetID = D8CC483F1D5B0A5A0032A8C4;
					};
				};
			};
			buildConfigurationList = D8CC483B1D5B0A5A0032A8C4 /* Build configuration list for PBXProject "MZAlertViewDemo" */;
			compatibilityVersion = "Xcode 3.2";
			developmentRegion = English;
			hasScannedForEncodings = 0;
			knownRegions = (
				en,
				Base,
			);
			mainGroup = D8CC48371D5B0A5A0032A8C4;
			productRefGroup = D8CC48411D5B0A5A0032A8C4 /* Products */;
			projectDirPath = "";
			projectRoot = "";
			targets = (
				D8CC483F1D5B0A5A0032A8C4 /* MZAlertViewDemo */,
				D8CC48581D5B0A5A0032A8C4 /* MZAlertViewDemoTests */,
				D8CC48631D5B0A5A0032A8C4 /* MZAlertViewDemoUITests */,
			);
		};
/* End PBXProject section */

/* Begin PBXResourcesBuildPhase section */
		D8CC483E1D5B0A5A0032A8C4 /* Resources */ = {
			isa = PBXResourcesBuildPhase;
			buildActionMask = 2147483647;
			files = (
				D8CC48531D5B0A5A0032A8C4 /* LaunchScreen.storyboard in Resources */,
				D8CC48501D5B0A5A0032A8C4 /* Assets.xcassets in Resources */,
				D8CC484E1D5B0A5A0032A8C4 /* Main.storyboard in Resources */,
			);
			runOnlyForDeploymentPostprocessing = 0;
		};
		D8CC48571D5B0A5A0032A8C4 /* Resources */ = {
			isa = PBXResourcesBuildPhase;
			buildActionMask = 2147483647;
			files = (
			);
			runOnlyForDeploymentPostprocessing = 0;
		};
		D8CC48621D5B0A5A0032A8C4 /* Resources */ = {
			isa = PBXResourcesBuildPhase;
			buildActionMask = 2147483647;
			files = (
			);
			runOnlyForDeploymentPostprocessing = 0;
		};
/* End PBXResourcesBuildPhase section */

/* Begin PBXSourcesBuildPhase section */
		D8CC483C1D5B0A5A0032A8C4 /* Sources */ = {
			isa = PBXSourcesBuildPhase;
			buildActionMask = 2147483647;
			files = (
				D8CC484B1D5B0A5A0032A8C4 /* DemoViewController.m in Sources */,
				D8CC48481D5B0A5A0032A8C4 /* MZAppDelegate.m in Sources */,
				D8CC48451D5B0A5A0032A8C4 /* main.m in Sources */,
				D8CC48821D5B0D690032A8C4 /* MZAlertView.m in Sources */,
			);
			runOnlyForDeploymentPostprocessing = 0;
		};
		D8CC48551D5B0A5A0032A8C4 /* Sources */ = {
			isa = PBXSourcesBuildPhase;
			buildActionMask = 2147483647;
			files = (
				D8CC485E1D5B0A5A0032A8C4 /* MZAlertViewDemoTests.m in Sources */,
			);
			runOnlyForDeploymentPostprocessing = 0;
		};
		D8CC48601D5B0A5A0032A8C4 /* Sources */ = {
			isa = PBXSourcesBuildPhase;
			buildActionMask = 2147483647;
			files = (
				D8CC48691D5B0A5A0032A8C4 /* MZAlertViewDemoUITests.m in Sources */,
			);
			runOnlyForDeploymentPostprocessing = 0;
		};
/* End PBXSourcesBuildPhase section */

/* Begin PBXTargetDependency section */
		D8CC485B1D5B0A5A0032A8C4 /* PBXTargetDependency */ = {
			isa = PBXTargetDependency;
			target = D8CC483F1D5B0A5A0032A8C4 /* MZAlertViewDemo */;
			targetProxy = D8CC485A1D5B0A5A0032A8C4 /* PBXContainerItemProxy */;
		};
		D8CC48661D5B0A5A0032A8C4 /* PBXTargetDependency */ = {
			isa = PBXTargetDependency;
			target = D8CC483F1D5B0A5A0032A8C4 /* MZAlertViewDemo */;
			targetProxy = D8CC48651D5B0A5A0032A8C4 /* PBXContainerItemProxy */;
		};
/* End PBXTargetDependency section */

/* Begin PBXVariantGroup section */
		D8CC484C1D5B0A5A0032A8C4 /* Main.storyboard */ = {
			isa = PBXVariantGroup;
			children = (
				D8CC484D1D5B0A5A0032A8C4 /* Base */,
			);
			name = Main.storyboard;
			sourceTree = "<group>";
		};
		D8CC48511D5B0A5A0032A8C4 /* LaunchScreen.storyboard */ = {
			isa = PBXVariantGroup;
			children = (
				D8CC48521D5B0A5A0032A8C4 /* Base */,
			);
			name = LaunchScreen.storyboard;
			sourceTree = "<group>";
		};
/* End PBXVariantGroup section */

/* Begin XCBuildConfiguration section */
		D8CC486B1D5B0A5A0032A8C4 /* Debug */ = {
			isa = XCBuildConfiguration;
			buildSettings = {
				ALWAYS_SEARCH_USER_PATHS = NO;
				CLANG_ANALYZER_NONNULL = YES;
				CLANG_CXX_LANGUAGE_STANDARD = "gnu++0x";
				CLANG_CXX_LIBRARY = "libc++";
				CLANG_ENABLE_MODULES = YES;
				CLANG_ENABLE_OBJC_ARC = YES;
				CLANG_WARN_BOOL_CONVERSION = YES;
				CLANG_WARN_CONSTANT_CONVERSION = YES;
				CLANG_WARN_DIRECT_OBJC_ISA_USAGE = YES_ERROR;
				CLANG_WARN_EMPTY_BODY = YES;
				CLANG_WARN_ENUM_CONVERSION = YES;
				CLANG_WARN_INT_CONVERSION = YES;
				CLANG_WARN_OBJC_ROOT_CLASS = YES_ERROR;
				CLANG_WARN_UNREACHABLE_CODE = YES;
				CLANG_WARN__DUPLICATE_METHOD_MATCH = YES;
				"CODE_SIGN_IDENTITY[sdk=iphoneos*]" = "iPhone Developer";
				COPY_PHASE_STRIP = NO;
				DEBUG_INFORMATION_FORMAT = dwarf;
				ENABLE_STRICT_OBJC_MSGSEND = YES;
				ENABLE_TESTABILITY = YES;
				GCC_C_LANGUAGE_STANDARD = gnu99;
				GCC_DYNAMIC_NO_PIC = NO;
				GCC_NO_COMMON_BLOCKS = YES;
				GCC_OPTIMIZATION_LEVEL = 0;
				GCC_PREPROCESSOR_DEFINITIONS = (
					"DEBUG=1",
					"$(inherited)",
				);
				GCC_WARN_64_TO_32_BIT_CONVERSION = YES;
				GCC_WARN_ABOUT_RETURN_TYPE = YES_ERROR;
				GCC_WARN_UNDECLARED_SELECTOR = YES;
				GCC_WARN_UNINITIALIZED_AUTOS = YES_AGGRESSIVE;
				GCC_WARN_UNUSED_FUNCTION = YES;
				GCC_WARN_UNUSED_VARIABLE = YES;
				IPHONEOS_DEPLOYMENT_TARGET = 9.3;
				MTL_ENABLE_DEBUG_INFO = YES;
				ONLY_ACTIVE_ARCH = YES;
				SDKROOT = iphoneos;
			};
			name = Debug;
		};
		D8CC486C1D5B0A5A0032A8C4 /* Release */ = {
			isa = XCBuildConfiguration;
			buildSettings = {
				ALWAYS_SEARCH_USER_PATHS = NO;
				CLANG_ANALYZER_NONNULL = YES;
				CLANG_CXX_LANGUAGE_STANDARD = "gnu++0x";
				CLANG_CXX_LIBRARY = "libc++";
				CLANG_ENABLE_MODULES = YES;
				CLANG_ENABLE_OBJC_ARC = YES;
				CLANG_WARN_BOOL_CONVERSION = YES;
				CLANG_WARN_CONSTANT_CONVERSION = YES;
				CLANG_WARN_DIRECT_OBJC_ISA_USAGE = YES_ERROR;
				CLANG_WARN_EMPTY_BODY = YES;
				CLANG_WARN_ENUM_CONVERSION = YES;
				CLANG_WARN_INT_CONVERSION = YES;
				CLANG_WARN_OBJC_ROOT_CLASS = YES_ERROR;
				CLANG_WARN_UNREACHABLE_CODE = YES;
				CLANG_WARN__DUPLICATE_METHOD_MATCH = YES;
				"CODE_SIGN_IDENTITY[sdk=iphoneos*]" = "iPhone Developer";
				COPY_PHASE_STRIP = NO;
				DEBUG_INFORMATION_FORMAT = "dwarf-with-dsym";
				ENABLE_NS_ASSERTIONS = NO;
				ENABLE_STRICT_OBJC_MSGSEND = YES;
				GCC_C_LANGUAGE_STANDARD = gnu99;
				GCC_NO_COMMON_BLOCKS = YES;
				GCC_WARN_64_TO_32_BIT_CONVERSION = YES;
				GCC_WARN_ABOUT_RETURN_TYPE = YES_ERROR;
				GCC_WARN_UNDECLARED_SELECTOR = YES;
				GCC_WARN_UNINITIALIZED_AUTOS = YES_AGGRESSIVE;
				GCC_WARN_UNUSED_FUNCTION = YES;
				GCC_WARN_UNUSED_VARIABLE = YES;
				IPHONEOS_DEPLOYMENT_TARGET = 9.3;
				MTL_ENABLE_DEBUG_INFO = NO;
				SDKROOT = iphoneos;
				VALIDATE_PRODUCT = YES;
			};
			name = Release;
		};
		D8CC486E1D5B0A5A0032A8C4 /* Debug */ = {
			isa = XCBuildConfiguration;
			buildSettings = {
				ASSETCATALOG_COMPILER_APPICON_NAME = AppIcon;
				INFOPLIST_FILE = MZAlertViewDemo/Info.plist;
				LD_RUNPATH_SEARCH_PATHS = "$(inherited) @executable_path/Frameworks";
				PRODUCT_BUNDLE_IDENTIFIER = com.hackmz.MZAlertViewDemo;
				PRODUCT_NAME = "$(TARGET_NAME)";
			};
			name = Debug;
		};
		D8CC486F1D5B0A5A0032A8C4 /* Release */ = {
			isa = XCBuildConfiguration;
			buildSettings = {
				ASSETCATALOG_COMPILER_APPICON_NAME = AppIcon;
				INFOPLIST_FILE = MZAlertViewDemo/Info.plist;
				LD_RUNPATH_SEARCH_PATHS = "$(inherited) @executable_path/Frameworks";
				PRODUCT_BUNDLE_IDENTIFIER = com.hackmz.MZAlertViewDemo;
				PRODUCT_NAME = "$(TARGET_NAME)";
			};
			name = Release;
		};
		D8CC48711D5B0A5A0032A8C4 /* Debug */ = {
			isa = XCBuildConfiguration;
			buildSettings = {
				BUNDLE_LOADER = "$(TEST_HOST)";
				INFOPLIST_FILE = MZAlertViewDemoTests/Info.plist;
				LD_RUNPATH_SEARCH_PATHS = "$(inherited) @executable_path/Frameworks @loader_path/Frameworks";
				PRODUCT_BUNDLE_IDENTIFIER = com.hackmz.MZAlertViewDemoTests;
				PRODUCT_NAME = "$(TARGET_NAME)";
				TEST_HOST = "$(BUILT_PRODUCTS_DIR)/MZAlertViewDemo.app/MZAlertViewDemo";
			};
			name = Debug;
		};
		D8CC48721D5B0A5A0032A8C4 /* Release */ = {
			isa = XCBuildConfiguration;
			buildSettings = {
				BUNDLE_LOADER = "$(TEST_HOST)";
				INFOPLIST_FILE = MZAlertViewDemoTests/Info.plist;
				LD_RUNPATH_SEARCH_PATHS = "$(inherited) @executable_path/Frameworks @loader_path/Frameworks";
				PRODUCT_BUNDLE_IDENTIFIER = com.hackmz.MZAlertViewDemoTests;
				PRODUCT_NAME = "$(TARGET_NAME)";
				TEST_HOST = "$(BUILT_PRODUCTS_DIR)/MZAlertViewDemo.app/MZAlertViewDemo";
			};
			name = Release;
		};
		D8CC48741D5B0A5A0032A8C4 /* Debug */ = {
			isa = XCBuildConfiguration;
			buildSettings = {
				INFOPLIST_FILE = MZAlertViewDemoUITests/Info.plist;
				LD_RUNPATH_SEARCH_PATHS = "$(inherited) @executable_path/Frameworks @loader_path/Frameworks";
				PRODUCT_BUNDLE_IDENTIFIER = com.hackmz.MZAlertViewDemoUITests;
				PRODUCT_NAME = "$(TARGET_NAME)";
				TEST_TARGET_NAME = MZAlertViewDemo;
			};
			name = Debug;
		};
		D8CC48751D5B0A5A0032A8C4 /* Release */ = {
			isa = XCBuildConfiguration;
			buildSettings = {
				INFOPLIST_FILE = MZAlertViewDemoUITests/Info.plist;
				LD_RUNPATH_SEARCH_PATHS = "$(inherited) @executable_path/Frameworks @loader_path/Frameworks";
				PRODUCT_BUNDLE_IDENTIFIER = com.hackmz.MZAlertViewDemoUITests;
				PRODUCT_NAME = "$(TARGET_NAME)";
				TEST_TARGET_NAME = MZAlertViewDemo;
			};
			name = Release;
		};
/* End XCBuildConfiguration section */

/* Begin XCConfigurationList section */
		D8CC483B1D5B0A5A0032A8C4 /* Build configuration list for PBXProject "MZAlertViewDemo" */ = {
			isa = XCConfigurationList;
			buildConfigurations = (
				D8CC486B1D5B0A5A0032A8C4 /* Debug */,
				D8CC486C1D5B0A5A0032A8C4 /* Release */,
			);
			defaultConfigurationIsVisible = 0;
			defaultConfigurationName = Release;
		};
		D8CC486D1D5B0A5A0032A8C4 /* Build configuration list for PBXNativeTarget "MZAlertViewDemo" */ = {
			isa = XCConfigurationList;
			buildConfigurations = (
				D8CC486E1D5B0A5A0032A8C4 /* Debug */,
				D8CC486F1D5B0A5A0032A8C4 /* Release */,
			);
			defaultConfigurationIsVisible = 0;
		};
		D8CC48701D5B0A5A0032A8C4 /* Build configuration list for PBXNativeTarget "MZAlertViewDemoTests" */ = {
			isa = XCConfigurationList;
			buildConfigurations = (
				D8CC48711D5B0A5A0032A8C4 /* Debug */,
				D8CC48721D5B0A5A0032A8C4 /* Release */,
			);
			defaultConfigurationIsVisible = 0;
		};
		D8CC48731D5B0A5A0032A8C4 /* Build configuration list for PBXNativeTarget "MZAlertViewDemoUITests" */ = {
			isa = XCConfigurationList;
			buildConfigurations = (
				D8CC48741D5B0A5A0032A8C4 /* Debug */,
				D8CC48751D5B0A5A0032A8C4 /* Release */,
			);
			defaultConfigurationIsVisible = 0;
		};
/* End XCConfigurationList section */
	};
	rootObject = D8CC48381D5B0A5A0032A8C4 /* Project object */;
}
